// !$*UTF8*$!
{
	archiveVersion = 1;
	classes = {
	};
	objectVersion = 50;
	objects = {

/* Begin PBXBuildFile section */
		840716DD2271CDE20075A557 /* AppDelegate.m in Sources */ = {isa = PBXBuildFile; fileRef = 840716DC2271CDE20075A557 /* AppDelegate.m */; };
		840716E32271CDE20075A557 /* Main.storyboard in Resources */ = {isa = PBXBuildFile; fileRef = 840716E12271CDE20075A557 /* Main.storyboard */; };
		840716E52271CDE40075A557 /* Assets.xcassets in Resources */ = {isa = PBXBuildFile; fileRef = 840716E42271CDE40075A557 /* Assets.xcassets */; };
		840716E82271CDE40075A557 /* LaunchScreen.storyboard in Resources */ = {isa = PBXBuildFile; fileRef = 840716E62271CDE40075A557 /* LaunchScreen.storyboard */; };
		840716EB2271CDE40075A557 /* main.m in Sources */ = {isa = PBXBuildFile; fileRef = 840716EA2271CDE40075A557 /* main.m */; };
		840716F62271DF9C0075A557 /* LYShareInstance.m in Sources */ = {isa = PBXBuildFile; fileRef = 840716F52271DF9C0075A557 /* LYShareInstance.m */; };
		84DE243D22885FFD005594F8 /* LYRootViewController.m in Sources */ = {isa = PBXBuildFile; fileRef = 84DE242D22885FFD005594F8 /* LYRootViewController.m */; };
		84DE243E22885FFD005594F8 /* LYPushedViewController.m in Sources */ = {isa = PBXBuildFile; fileRef = 84DE242E22885FFD005594F8 /* LYPushedViewController.m */; };
		84DE243F22885FFD005594F8 /* LYModeledViewController.m in Sources */ = {isa = PBXBuildFile; fileRef = 84DE242F22885FFD005594F8 /* LYModeledViewController.m */; };
		84DE244022885FFD005594F8 /* ViewController.m in Sources */ = {isa = PBXBuildFile; fileRef = 84DE243022885FFD005594F8 /* ViewController.m */; };
		84DE244122885FFD005594F8 /* LYWindow.m in Sources */ = {isa = PBXBuildFile; fileRef = 84DE243622885FFD005594F8 /* LYWindow.m */; };
		84DE244222885FFD005594F8 /* LYView.m in Sources */ = {isa = PBXBuildFile; fileRef = 84DE243722885FFD005594F8 /* LYView.m */; };
		84DE244322885FFD005594F8 /* UITouch+Category.m in Sources */ = {isa = PBXBuildFile; fileRef = 84DE243C22885FFD005594F8 /* UITouch+Category.m */; settings = {COMPILER_FLAGS = "-fno-objc-arc"; }; };
		84DE244622886CD6005594F8 /* LYAView.m in Sources */ = {isa = PBXBuildFile; fileRef = 84DE244522886CD6005594F8 /* LYAView.m */; };
		84DE244922886CE6005594F8 /* LYBView.m in Sources */ = {isa = PBXBuildFile; fileRef = 84DE244822886CE6005594F8 /* LYBView.m */; };
		84DE244C22886CF2005594F8 /* LYCView.m in Sources */ = {isa = PBXBuildFile; fileRef = 84DE244B22886CF2005594F8 /* LYCView.m */; };
		84DE244F22886CFE005594F8 /* LYDView.m in Sources */ = {isa = PBXBuildFile; fileRef = 84DE244E22886CFE005594F8 /* LYDView.m */; };
		84DE245222886D0A005594F8 /* LYEView.m in Sources */ = {isa = PBXBuildFile; fileRef = 84DE245122886D0A005594F8 /* LYEView.m */; };
		84DE245522886E43005594F8 /* LYRootView.m in Sources */ = {isa = PBXBuildFile; fileRef = 84DE245422886E43005594F8 /* LYRootView.m */; };
/* End PBXBuildFile section */

/* Begin PBXFileReference section */
		840716D82271CDE20075A557 /* LYTouchDemo.app */ = {isa = PBXFileReference; explicitFileType = wrapper.application; includeInIndex = 0; path = LYTouchDemo.app; sourceTree = BUILT_PRODUCTS_DIR; };
		840716DB2271CDE20075A557 /* AppDelegate.h */ = {isa = PBXFileReference; lastKnownFileType = sourcecode.c.h; path = AppDelegate.h; sourceTree = "<group>"; };
		840716DC2271CDE20075A557 /* AppDelegate.m */ = {isa = PBXFileReference; lastKnownFileType = sourcecode.c.objc; path = AppDelegate.m; sourceTree = "<group>"; };
		840716E22271CDE20075A557 /* Base */ = {isa = PBXFileReference; lastKnownFileType = file.storyboard; name = Base; path = Base.lproj/Main.storyboard; sourceTree = "<group>"; };
		840716E42271CDE40075A557 /* Assets.xcassets */ = {isa = PBXFileReference; lastKnownFileType = folder.assetcatalog; path = Assets.xcassets; sourceTree = "<group>"; };
		840716E72271CDE40075A557 /* Base */ = {isa = PBXFileReference; lastKnownFileType = file.storyboard; name = Base; path = Base.lproj/LaunchScreen.storyboard; sourceTree = "<group>"; };
		840716E92271CDE40075A557 /* Info.plist */ = {isa = PBXFileReference; lastKnownFileType = text.plist.xml; path = Info.plist; sourceTree = "<group>"; };
		840716EA2271CDE40075A557 /* main.m */ = {isa = PBXFileReference; lastKnownFileType = sourcecode.c.objc; path = main.m; sourceTree = "<group>"; };
		840716F42271DF9C0075A557 /* LYShareInstance.h */ = {isa = PBXFileReference; lastKnownFileType = sourcecode.c.h; path = LYShareInstance.h; sourceTree = "<group>"; };
		840716F52271DF9C0075A557 /* LYShareInstance.m */ = {isa = PBXFileReference; lastKnownFileType = sourcecode.c.objc; path = LYShareInstance.m; sourceTree = "<group>"; };
		84DE242D22885FFD005594F8 /* LYRootViewController.m */ = {isa = PBXFileReference; fileEncoding = 4; lastKnownFileType = sourcecode.c.objc; path = LYRootViewController.m; sourceTree = "<group>"; };
		84DE242E22885FFD005594F8 /* LYPushedViewController.m */ = {isa = PBXFileReference; fileEncoding = 4; lastKnownFileType = sourcecode.c.objc; path = LYPushedViewController.m; sourceTree = "<group>"; };
		84DE242F22885FFD005594F8 /* LYModeledViewController.m */ = {isa = PBXFileReference; fileEncoding = 4; lastKnownFileType = sourcecode.c.objc; path = LYModeledViewController.m; sourceTree = "<group>"; };
		84DE243022885FFD005594F8 /* ViewController.m */ = {isa = PBXFileReference; fileEncoding = 4; lastKnownFileType = sourcecode.c.objc; path = ViewController.m; sourceTree = "<group>"; };
		84DE243122885FFD005594F8 /* LYRootViewController.h */ = {isa = PBXFileReference; fileEncoding = 4; lastKnownFileType = sourcecode.c.h; path = LYRootViewController.h; sourceTree = "<group>"; };
		84DE243222885FFD005594F8 /* LYModeledViewController.h */ = {isa = PBXFileReference; fileEncoding = 4; lastKnownFileType = sourcecode.c.h; path = LYModeledViewController.h; sourceTree = "<group>"; };
		84DE243322885FFD005594F8 /* LYPushedViewController.h */ = {isa = PBXFileReference; fileEncoding = 4; lastKnownFileType = sourcecode.c.h; path = LYPushedViewController.h; sourceTree = "<group>"; };
		84DE243422885FFD005594F8 /* ViewController.h */ = {isa = PBXFileReference; fileEncoding = 4; lastKnownFileType = sourcecode.c.h; path = ViewController.h; sourceTree = "<group>"; };
		84DE243622885FFD005594F8 /* LYWindow.m */ = {isa = PBXFileReference; fileEncoding = 4; lastKnownFileType = sourcecode.c.objc; path = LYWindow.m; sourceTree = "<group>"; };
		84DE243722885FFD005594F8 /* LYView.m */ = {isa = PBXFileReference; fileEncoding = 4; lastKnownFileType = sourcecode.c.objc; path = LYView.m; sourceTree = "<group>"; };
		84DE243822885FFD005594F8 /* LYWindow.h */ = {isa = PBXFileReference; fileEncoding = 4; lastKnownFileType = sourcecode.c.h; path = LYWindow.h; sourceTree = "<group>"; };
		84DE243922885FFD005594F8 /* LYView.h */ = {isa = PBXFileReference; fileEncoding = 4; lastKnownFileType = sourcecode.c.h; path = LYView.h; sourceTree = "<group>"; };
		84DE243B22885FFD005594F8 /* UITouch+Category.h */ = {isa = PBXFileReference; fileEncoding = 4; lastKnownFileType = sourcecode.c.h; path = "UITouch+Category.h"; sourceTree = "<group>"; };
		84DE243C22885FFD005594F8 /* UITouch+Category.m */ = {isa = PBXFileReference; fileEncoding = 4; lastKnownFileType = sourcecode.c.objc; path = "UITouch+Category.m"; sourceTree = "<group>"; };
		84DE244422886CD6005594F8 /* LYAView.h */ = {isa = PBXFileReference; lastKnownFileType = sourcecode.c.h; path = LYAView.h; sourceTree = "<group>"; };
		84DE244522886CD6005594F8 /* LYAView.m */ = {isa = PBXFileReference; lastKnownFileType = sourcecode.c.objc; path = LYAView.m; sourceTree = "<group>"; };
		84DE244722886CE6005594F8 /* LYBView.h */ = {isa = PBXFileReference; lastKnownFileType = sourcecode.c.h; path = LYBView.h; sourceTree = "<group>"; };
		84DE244822886CE6005594F8 /* LYBView.m */ = {isa = PBXFileReference; lastKnownFileType = sourcecode.c.objc; path = LYBView.m; sourceTree = "<group>"; };
		84DE244A22886CF2005594F8 /* LYCView.h */ = {isa = PBXFileReference; lastKnownFileType = sourcecode.c.h; path = LYCView.h; sourceTree = "<group>"; };
		84DE244B22886CF2005594F8 /* LYCView.m */ = {isa = PBXFileReference; lastKnownFileType = sourcecode.c.objc; path = LYCView.m; sourceTree = "<group>"; };
		84DE244D22886CFE005594F8 /* LYDView.h */ = {isa = PBXFileReference; lastKnownFileType = sourcecode.c.h; path = LYDView.h; sourceTree = "<group>"; };
		84DE244E22886CFE005594F8 /* LYDView.m */ = {isa = PBXFileReference; lastKnownFileType = sourcecode.c.objc; path = LYDView.m; sourceTree = "<group>"; };
		84DE245022886D0A005594F8 /* LYEView.h */ = {isa = PBXFileReference; lastKnownFileType = sourcecode.c.h; path = LYEView.h; sourceTree = "<group>"; };
		84DE245122886D0A005594F8 /* LYEView.m */ = {isa = PBXFileReference; lastKnownFileType = sourcecode.c.objc; path = LYEView.m; sourceTree = "<group>"; };
		84DE245322886E43005594F8 /* LYRootView.h */ = {isa = PBXFileReference; lastKnownFileType = sourcecode.c.h; path = LYRootView.h; sourceTree = "<group>"; };
		84DE245422886E43005594F8 /* LYRootView.m */ = {isa = PBXFileReference; lastKnownFileType = sourcecode.c.objc; path = LYRootView.m; sourceTree = "<group>"; };
/* End PBXFileReference section */

/* Begin PBXFrameworksBuildPhase section */
		840716D52271CDE20075A557 /* Frameworks */ = {
			isa = PBXFrameworksBuildPhase;
			buildActionMask = 2147483647;
			files = (
			);
			runOnlyForDeploymentPostprocessing = 0;
		};
/* End PBXFrameworksBuildPhase section */

/* Begin PBXGroup section */
		840716CF2271CDE20075A557 = {
			isa = PBXGroup;
			children = (
				840716DA2271CDE20075A557 /* LYTouchDemo */,
				840716D92271CDE20075A557 /* Products */,
			);
			sourceTree = "<group>";
		};
		840716D92271CDE20075A557 /* Products */ = {
			isa = PBXGroup;
			children = (
				840716D82271CDE20075A557 /* LYTouchDemo.app */,
			);
			name = Products;
			sourceTree = "<group>";
		};
		840716DA2271CDE20075A557 /* LYTouchDemo */ = {
			isa = PBXGroup;
			children = (
				840716DB2271CDE20075A557 /* AppDelegate.h */,
				840716DC2271CDE20075A557 /* AppDelegate.m */,
				840716F42271DF9C0075A557 /* LYShareInstance.h */,
				840716F52271DF9C0075A557 /* LYShareInstance.m */,
				84DE243A22885FFD005594F8 /* Category */,
				84DE242C22885FFD005594F8 /* ViewControllers */,
				84DE243522885FFD005594F8 /* Views */,
				840716E12271CDE20075A557 /* Main.storyboard */,
				840716E42271CDE40075A557 /* Assets.xcassets */,
				840716E62271CDE40075A557 /* LaunchScreen.storyboard */,
				840716E92271CDE40075A557 /* Info.plist */,
				840716EA2271CDE40075A557 /* main.m */,
			);
			path = LYTouchDemo;
			sourceTree = "<group>";
		};
		84DE242C22885FFD005594F8 /* ViewControllers */ = {
			isa = PBXGroup;
			children = (
				84DE243122885FFD005594F8 /* LYRootViewController.h */,
				84DE242D22885FFD005594F8 /* LYRootViewController.m */,
				84DE243322885FFD005594F8 /* LYPushedViewController.h */,
				84DE242E22885FFD005594F8 /* LYPushedViewController.m */,
				84DE243222885FFD005594F8 /* LYModeledViewController.h */,
				84DE242F22885FFD005594F8 /* LYModeledViewController.m */,
				84DE243422885FFD005594F8 /* ViewController.h */,
				84DE243022885FFD005594F8 /* ViewController.m */,
			);
			path = ViewControllers;
			sourceTree = "<group>";
		};
		84DE243522885FFD005594F8 /* Views */ = {
			isa = PBXGroup;
			children = (
				84DE243922885FFD005594F8 /* LYView.h */,
				84DE243722885FFD005594F8 /* LYView.m */,
				84DE244422886CD6005594F8 /* LYAView.h */,
				84DE244522886CD6005594F8 /* LYAView.m */,
				84DE244722886CE6005594F8 /* LYBView.h */,
				84DE244822886CE6005594F8 /* LYBView.m */,
				84DE244A22886CF2005594F8 /* LYCView.h */,
				84DE244B22886CF2005594F8 /* LYCView.m */,
				84DE244D22886CFE005594F8 /* LYDView.h */,
				84DE244E22886CFE005594F8 /* LYDView.m */,
				84DE245022886D0A005594F8 /* LYEView.h */,
				84DE245122886D0A005594F8 /* LYEView.m */,
				84DE245322886E43005594F8 /* LYRootView.h */,
				84DE245422886E43005594F8 /* LYRootView.m */,
				84DE243822885FFD005594F8 /* LYWindow.h */,
				84DE243622885FFD005594F8 /* LYWindow.m */,
			);
			path = Views;
			sourceTree = "<group>";
		};
		84DE243A22885FFD005594F8 /* Category */ = {
			isa = PBXGroup;
			children = (
				84DE243B22885FFD005594F8 /* UITouch+Category.h */,
				84DE243C22885FFD005594F8 /* UITouch+Category.m */,
			);
			path = Category;
			sourceTree = "<group>";
		};
/* End PBXGroup section */

/* Begin PBXNativeTarget section */
		840716D72271CDE20075A557 /* LYTouchDemo */ = {
			isa = PBXNativeTarget;
			buildConfigurationList = 840716EE2271CDE50075A557 /* Build configuration list for PBXNativeTarget "LYTouchDemo" */;
			buildPhases = (
				840716D42271CDE20075A557 /* Sources */,
				840716D52271CDE20075A557 /* Frameworks */,
				840716D62271CDE20075A557 /* Resources */,
			);
			buildRules = (
			);
			dependencies = (
			);
			name = LYTouchDemo;
			productName = LYTouchDemo;
			productReference = 840716D82271CDE20075A557 /* LYTouchDemo.app */;
			productType = "com.apple.product-type.application";
		};
/* End PBXNativeTarget section */

/* Begin PBXProject section */
		840716D02271CDE20075A557 /* Project object */ = {
			isa = PBXProject;
			attributes = {
				LastUpgradeCheck = 1010;
				ORGANIZATIONNAME = ly;
				TargetAttributes = {
					840716D72271CDE20075A557 = {
						CreatedOnToolsVersion = 10.1;
					};
				};
			};
			buildConfigurationList = 840716D32271CDE20075A557 /* Build configuration list for PBXProject "LYTouchDemo" */;
			compatibilityVersion = "Xcode 9.3";
			developmentRegion = en;
			hasScannedForEncodings = 0;
			knownRegions = (
				en,
				Base,
			);
			mainGroup = 840716CF2271CDE20075A557;
			productRefGroup = 840716D92271CDE20075A557 /* Products */;
			projectDirPath = "";
			projectRoot = "";
			targets = (
				840716D72271CDE20075A557 /* LYTouchDemo */,
			);
		};
/* End PBXProject section */

/* Begin PBXResourcesBuildPhase section */
		840716D62271CDE20075A557 /* Resources */ = {
			isa = PBXResourcesBuildPhase;
			buildActionMask = 2147483647;
			files = (
				840716E82271CDE40075A557 /* LaunchScreen.storyboard in Resources */,
				840716E52271CDE40075A557 /* Assets.xcassets in Resources */,
				840716E32271CDE20075A557 /* Main.storyboard in Resources */,
			);
			runOnlyForDeploymentPostprocessing = 0;
		};
/* End PBXResourcesBuildPhase section */

/* Begin PBXSourcesBuildPhase section */
		840716D42271CDE20075A557 /* Sources */ = {
			isa = PBXSourcesBuildPhase;
			buildActionMask = 2147483647;
			files = (
				84DE244F22886CFE005594F8 /* LYDView.m in Sources */,
				84DE244022885FFD005594F8 /* ViewController.m in Sources */,
				84DE244622886CD6005594F8 /* LYAView.m in Sources */,
				84DE243F22885FFD005594F8 /* LYModeledViewController.m in Sources */,
				84DE244222885FFD005594F8 /* LYView.m in Sources */,
				84DE244122885FFD005594F8 /* LYWindow.m in Sources */,
				840716EB2271CDE40075A557 /* main.m in Sources */,
				84DE244922886CE6005594F8 /* LYBView.m in Sources */,
				84DE244322885FFD005594F8 /* UITouch+Category.m in Sources */,
				84DE243D22885FFD005594F8 /* LYRootViewController.m in Sources */,
				84DE243E22885FFD005594F8 /* LYPushedViewController.m in Sources */,
				84DE245522886E43005594F8 /* LYRootView.m in Sources */,
				840716DD2271CDE20075A557 /* AppDelegate.m in Sources */,
				84DE245222886D0A005594F8 /* LYEView.m in Sources */,
				840716F62271DF9C0075A557 /* LYShareInstance.m in Sources */,
				84DE244C22886CF2005594F8 /* LYCView.m in Sources */,
			);
			runOnlyForDeploymentPostprocessing = 0;
		};
/* End PBXSourcesBuildPhase section */

/* Begin PBXVariantGroup section */
		840716E12271CDE20075A557 /* Main.storyboard */ = {
			isa = PBXVariantGroup;
			children = (
				840716E22271CDE20075A557 /* Base */,
			);
			name = Main.storyboard;
			sourceTree = "<group>";
		};
		840716E62271CDE40075A557 /* LaunchScreen.storyboard */ = {
			isa = PBXVariantGroup;
			children = (
				840716E72271CDE40075A557 /* Base */,
			);
			name = LaunchScreen.storyboard;
			sourceTree = "<group>";
		};
/* End PBXVariantGroup section */

/* Begin XCBuildConfiguration section */
		840716EC2271CDE40075A557 /* Debug */ = {
			isa = XCBuildConfiguration;
			buildSettings = {
				ALWAYS_SEARCH_USER_PATHS = NO;
				CLANG_ANALYZER_NONNULL = YES;
				CLANG_ANALYZER_NUMBER_OBJECT_CONVERSION = YES_AGGRESSIVE;
				CLANG_CXX_LANGUAGE_STANDARD = "gnu++14";
				CLANG_CXX_LIBRARY = "libc++";
				CLANG_ENABLE_MODULES = YES;
				CLANG_ENABLE_OBJC_ARC = YES;
				CLANG_ENABLE_OBJC_WEAK = YES;
				CLANG_WARN_BLOCK_CAPTURE_AUTORELEASING = YES;
				CLANG_WARN_BOOL_CONVERSION = YES;
				CLANG_WARN_COMMA = YES;
				CLANG_WARN_CONSTANT_CONVERSION = YES;
				CLANG_WARN_DEPRECATED_OBJC_IMPLEMENTATIONS = YES;
				CLANG_WARN_DIRECT_OBJC_ISA_USAGE = YES_ERROR;
				CLANG_WARN_DOCUMENTATION_COMMENTS = YES;
				CLANG_WARN_EMPTY_BODY = YES;
				CLANG_WARN_ENUM_CONVERSION = YES;
				CLANG_WARN_INFINITE_RECURSION = YES;
				CLANG_WARN_INT_CONVERSION = YES;
				CLANG_WARN_NON_LITERAL_NULL_CONVERSION = YES;
				CLANG_WARN_OBJC_IMPLICIT_RETAIN_SELF = YES;
				CLANG_WARN_OBJC_LITERAL_CONVERSION = YES;
				CLANG_WARN_OBJC_ROOT_CLASS = YES_ERROR;
				CLANG_WARN_RANGE_LOOP_ANALYSIS = YES;
				CLANG_WARN_STRICT_PROTOTYPES = YES;
				CLANG_WARN_SUSPICIOUS_MOVE = YES;
				CLANG_WARN_UNGUARDED_AVAILABILITY = YES_AGGRESSIVE;
				CLANG_WARN_UNREACHABLE_CODE = YES;
				CLANG_WARN__DUPLICATE_METHOD_MATCH = YES;
				CODE_SIGN_IDENTITY = "iPhone Developer";
				COPY_PHASE_STRIP = NO;
				DEBUG_INFORMATION_FORMAT = dwarf;
				ENABLE_STRICT_OBJC_MSGSEND = YES;
				ENABLE_TESTABILITY = YES;
				GCC_C_LANGUAGE_STANDARD = gnu11;
				GCC_DYNAMIC_NO_PIC = NO;
				GCC_NO_COMMON_BLOCKS = YES;
				GCC_OPTIMIZATION_LEVEL = 0;
				GCC_PREPROCESSOR_DEFINITIONS = (
					"DEBUG=1",
					"$(inherited)",
				);
				GCC_WARN_64_TO_32_BIT_CONVERSION = YES;
				GCC_WARN_ABOUT_RETURN_TYPE = YES_ERROR;
				GCC_WARN_UNDECLARED_SELECTOR = YES;
				GCC_WARN_UNINITIALIZED_AUTOS = YES_AGGRESSIVE;
				GCC_WARN_UNUSED_FUNCTION = YES;
				GCC_WARN_UNUSED_VARIABLE = YES;
				IPHONEOS_DEPLOYMENT_TARGET = 12.1;
				MTL_ENABLE_DEBUG_INFO = INCLUDE_SOURCE;
				MTL_FAST_MATH = YES;
				ONLY_ACTIVE_ARCH = YES;
				SDKROOT = iphoneos;
			};
			name = Debug;
		};
		840716ED2271CDE50075A557 /* Release */ = {
			isa = XCBuildConfiguration;
			buildSettings = {
				ALWAYS_SEARCH_USER_PATHS = NO;
				CLANG_ANALYZER_NONNULL = YES;
				CLANG_ANALYZER_NUMBER_OBJECT_CONVERSION = YES_AGGRESSIVE;
				CLANG_CXX_LANGUAGE_STANDARD = "gnu++14";
				CLANG_CXX_LIBRARY = "libc++";
				CLANG_ENABLE_MODULES = YES;
				CLANG_ENABLE_OBJC_ARC = YES;
				CLANG_ENABLE_OBJC_WEAK = YES;
				CLANG_WARN_BLOCK_CAPTURE_AUTORELEASING = YES;
				CLANG_WARN_BOOL_CONVERSION = YES;
				CLANG_WARN_COMMA = YES;
				CLANG_WARN_CONSTANT_CONVERSION = YES;
				CLANG_WARN_DEPRECATED_OBJC_IMPLEMENTATIONS = YES;
				CLANG_WARN_DIRECT_OBJC_ISA_USAGE = YES_ERROR;
				CLANG_WARN_DOCUMENTATION_COMMENTS = YES;
				CLANG_WARN_EMPTY_BODY = YES;
				CLANG_WARN_ENUM_CONVERSION = YES;
				CLANG_WARN_INFINITE_RECURSION = YES;
				CLANG_WARN_INT_CONVERSION = YES;
				CLANG_WARN_NON_LITERAL_NULL_CONVERSION = YES;
				CLANG_WARN_OBJC_IMPLICIT_RETAIN_SELF = YES;
				CLANG_WARN_OBJC_LITERAL_CONVERSION = YES;
				CLANG_WARN_OBJC_ROOT_CLASS = YES_ERROR;
				CLANG_WARN_RANGE_LOOP_ANALYSIS = YES;
				CLANG_WARN_STRICT_PROTOTYPES = YES;
				CLANG_WARN_SUSPICIOUS_MOVE = YES;
				CLANG_WARN_UNGUARDED_AVAILABILITY = YES_AGGRESSIVE;
				CLANG_WARN_UNREACHABLE_CODE = YES;
				CLANG_WARN__DUPLICATE_METHOD_MATCH = YES;
				CODE_SIGN_IDENTITY = "iPhone Developer";
				COPY_PHASE_STRIP = NO;
				DEBUG_INFORMATION_FORMAT = "dwarf-with-dsym";
				ENABLE_NS_ASSERTIONS = NO;
				ENABLE_STRICT_OBJC_MSGSEND = YES;
				GCC_C_LANGUAGE_STANDARD = gnu11;
				GCC_NO_COMMON_BLOCKS = YES;
				GCC_WARN_64_TO_32_BIT_CONVERSION = YES;
				GCC_WARN_ABOUT_RETURN_TYPE = YES_ERROR;
				GCC_WARN_UNDECLARED_SELECTOR = YES;
				GCC_WARN_UNINITIALIZED_AUTOS = YES_AGGRESSIVE;
				GCC_WARN_UNUSED_FUNCTION = YES;
				GCC_WARN_UNUSED_VARIABLE = YES;
				IPHONEOS_DEPLOYMENT_TARGET = 12.1;
				MTL_ENABLE_DEBUG_INFO = NO;
				MTL_FAST_MATH = YES;
				SDKROOT = iphoneos;
				VALIDATE_PRODUCT = YES;
			};
			name = Release;
		};
		840716EF2271CDE50075A557 /* Debug */ = {
			isa = XCBuildConfiguration;
			buildSettings = {
				ASSETCATALOG_COMPILER_APPICON_NAME = AppIcon;
				CODE_SIGN_STYLE = Manual;
				DEVELOPMENT_TEAM = LLXWF3YH44;
				INFOPLIST_FILE = LYTouchDemo/Info.plist;
				LD_RUNPATH_SEARCH_PATHS = (
					"$(inherited)",
					"@executable_path/Frameworks",
				);
				PRODUCT_BUNDLE_IDENTIFIER = com.tuniu.app.pro;
				PRODUCT_NAME = "$(TARGET_NAME)";
				PROVISIONING_PROFILE_SPECIFIER = com.tuniu.app.pro.dev;
				TARGETED_DEVICE_FAMILY = "1,2";
			};
			name = Debug;
		};
		840716F02271CDE50075A557 /* Release */ = {
			isa = XCBuildConfiguration;
			buildSettings = {
				ASSETCATALOG_COMPILER_APPICON_NAME = AppIcon;
				CODE_SIGN_STYLE = Manual;
				DEVELOPMENT_TEAM = "";
				INFOPLIST_FILE = LYTouchDemo/Info.plist;
				LD_RUNPATH_SEARCH_PATHS = (
					"$(inherited)",
					"@executable_path/Frameworks",
				);
				PRODUCT_BUNDLE_IDENTIFIER = com.tuniu.app.pro;
				PRODUCT_NAME = "$(TARGET_NAME)";
				PROVISIONING_PROFILE_SPECIFIER = "";
				TARGETED_DEVICE_FAMILY = "1,2";
			};
			name = Release;
		};
/* End XCBuildConfiguration section */

/* Begin XCConfigurationList section */
		840716D32271CDE20075A557 /* Build configuration list for PBXProject "LYTouchDemo" */ = {
			isa = XCConfigurationList;
			buildConfigurations = (
				840716EC2271CDE40075A557 /* Debug */,
				840716ED2271CDE50075A557 /* Release */,
			);
			defaultConfigurationIsVisible = 0;
			defaultConfigurationName = Release;
		};
		840716EE2271CDE50075A557 /* Build configuration list for PBXNativeTarget "LYTouchDemo" */ = {
			isa = XCConfigurationList;
			buildConfigurations = (
				840716EF2271CDE50075A557 /* Debug */,
				840716F02271CDE50075A557 /* Release */,
			);
			defaultConfigurationIsVisible = 0;
			defaultConfigurationName = Release;
		};
/* End XCConfigurationList section */
	};
	rootObject = 840716D02271CDE20075A557 /* Project object */;
}
